
Microsoft Visual Studio Solution File, Format Version 12.00
# Visual Studio Version 17
VisualStudioVersion = 17.11.35327.3
MinimumVisualStudioVersion = 10.0.40219.1
Project("{FAE04EC0-301F-11D3-BF4B-00C04F79EFBC}") = "Лаб раб 9", "Лаб раб 9.csproj", "{F9C899F6-4296-420D-80BE-5BEFDC134B07}"
EndProject
Project("{FAE04EC0-301F-11D3-BF4B-00C04F79EFBC}") = "Unit tests", "..\Unit tests\Unit tests.csproj", "{0235BE21-1200-46A6-94A0-83D1C77DFD45}"
EndProject
Global
	GlobalSection(SolutionConfigurationPlatforms) = preSolution
		Debug|Any CPU = Debug|Any CPU
		Release|Any CPU = Release|Any CPU
	EndGlobalSection
	GlobalSection(ProjectConfigurationPlatforms) = postSolution
		{F9C899F6-4296-420D-80BE-5BEFDC134B07}.Debug|Any CPU.ActiveCfg = Debug|Any CPU
		{F9C899F6-4296-420D-80BE-5BEFDC134B07}.Debug|Any CPU.Build.0 = Debug|Any CPU
		{F9C899F6-4296-420D-80BE-5BEFDC134B07}.Release|Any CPU.ActiveCfg = Release|Any CPU
		{F9C899F6-4296-420D-80BE-5BEFDC134B07}.Release|Any CPU.Build.0 = Release|Any CPU
		{0235BE21-1200-46A6-94A0-83D1C77DFD45}.Debug|Any CPU.ActiveCfg = Debug|Any CPU
		{0235BE21-1200-46A6-94A0-83D1C77DFD45}.Debug|Any CPU.Build.0 = Debug|Any CPU
		{0235BE21-1200-46A6-94A0-83D1C77DFD45}.Release|Any CPU.ActiveCfg = Release|Any CPU
		{0235BE21-1200-46A6-94A0-83D1C77DFD45}.Release|Any CPU.Build.0 = Release|Any CPU
	EndGlobalSection
	GlobalSection(SolutionProperties) = preSolution
		HideSolutionNode = FALSE
	EndGlobalSection
	GlobalSection(ExtensibilityGlobals) = postSolution
		SolutionGuid = {13753244-5066-4AAD-87F2-86BA1DC49E77}
	EndGlobalSection
EndGlobal
